
Microsoft Visual Studio Solution File, Format Version 12.00
# Visual Studio Version 17
VisualStudioVersion = 17.7.34009.444
MinimumVisualStudioVersion = 10.0.40219.1
Project("{8BC9CEB8-8B4A-11D0-8D11-00A0C91BC942}") = "Run", "Run\Run.vcxproj", "{C202CBE3-99CA-4D0F-A954-E4412D1461E9}"
EndProject
Global
	GlobalSection(SolutionConfigurationPlatforms) = preSolution
		Debug|x64 = Debug|x64
		Debug|x86 = Debug|x86
		Release|x64 = Release|x64
		Release|x86 = Release|x86
	EndGlobalSection
	GlobalSection(ProjectConfigurationPlatforms) = postSolution
		{C202CBE3-99CA-4D0F-A954-E4412D1461E9}.Debug|x64.ActiveCfg = Debug|x64
		{C202CBE3-99CA-4D0F-A954-E4412D1461E9}.Debug|x64.Build.0 = Debug|x64
		{C202CBE3-99CA-4D0F-A954-E4412D1461E9}.Debug|x86.ActiveCfg = Debug|Win32
		{C202CBE3-99CA-4D0F-A954-E4412D1461E9}.Debug|x86.Build.0 = Debug|Win32
		{C202CBE3-99CA-4D0F-A954-E4412D1461E9}.Release|x64.ActiveCfg = Release|x64
		{C202CBE3-99CA-4D0F-A954-E4412D1461E9}.Release|x64.Build.0 = Release|x64
		{C202CBE3-99CA-4D0F-A954-E4412D1461E9}.Release|x86.ActiveCfg = Release|Win32
		{C202CBE3-99CA-4D0F-A954-E4412D1461E9}.Release|x86.Build.0 = Release|Win32
	EndGlobalSection
	GlobalSection(SolutionProperties) = preSolution
		HideSolutionNode = FALSE
	EndGlobalSection
	GlobalSection(ExtensibilityGlobals) = postSolution
		SolutionGuid = {62C2783E-9114-417A-B14E-77F85E952E7C}
	EndGlobalSection
EndGlobal
